dependencies:
- name: mongodb
  repository: oci://registry-1.docker.io/cloudpirates
  version: 0.10.3
- name: common
  repository: https://charts.bitnami.com/bitnami
  version: 2.39.0
digest: sha256:c7b46ae73dc9c310134995bfb175d3e6fee9673c2b855174ee4be6850cbab863
generated: "2026-05-13T14:12:48.962128675-04:00"
