dependencies:
- name: mongodb
  repository: oci://registry-1.docker.io/cloudpirates
  version: 0.10.3
- name: common
  repository: https://charts.bitnami.com/bitnami
  version: 2.41.0
digest: sha256:3f19591d01c363a57df46d0bb613485daafb0e20f4cb894140546e6f87b5a8fa
generated: "2026-07-30T13:02:20.629131932-04:00"
